
Microsoft Visual Studio Solution File, Format Version 12.00
# Visual Studio Version 17
VisualStudioVersion = 17.14.37328.6
MinimumVisualStudioVersion = 10.0.40219.1
Project("{FAE04EC0-301F-11D3-BF4B-00C04F79EFBC}") = "ProjectOneConsoleApp", "ProjectOneConsoleApp\ProjectOneConsoleApp.csproj", "{B325F35E-F485-494D-A3C4-F2D1C7FA98BB}"
EndProject
Project("{FAE04EC0-301F-11D3-BF4B-00C04F79EFBC}") = "StdDotNetConsoleApp", "StdDotNetConsoleApp\StdDotNetConsoleApp.csproj", "{2884A83B-A167-42E2-9321-3FD48D78D1AE}"
EndProject
Project("{FAE04EC0-301F-11D3-BF4B-00C04F79EFBC}") = "Day2", "Day2\Day2.csproj", "{295029CF-34CA-45A5-B165-8033CF50B475}"
EndProject
Project("{FAE04EC0-301F-11D3-BF4B-00C04F79EFBC}") = "04Demo_OOP", "..\..\..\..\PGCP-AC Notes IET\MS. NET\CSharpDemos26\04Demo_OOP\04Demo_OOP.csproj", "{4A1F57F5-561B-A38B-13DB-06DCC1BACE74}"
EndProject
Project("{FAE04EC0-301F-11D3-BF4B-00C04F79EFBC}") = "07Demo_OOP", "..\..\..\..\PGCP-AC Notes IET\MS. NET\CSharpDemos26\07Demo_OOP\07Demo_OOP.csproj", "{10BB2D37-FE44-31FC-9EAD-110E64BCAB6B}"
EndProject
Project("{FAE04EC0-301F-11D3-BF4B-00C04F79EFBC}") = "02Demo", "..\..\..\..\PGCP-AC Notes IET\MS. NET\CSharpDemos26\02Demo\02Demo.csproj", "{0551F81C-EBC1-4462-8FEF-B564731BCFE3}"
EndProject
Project("{FAE04EC0-301F-11D3-BF4B-00C04F79EFBC}") = "03Demo_DataTypes", "..\..\..\..\PGCP-AC Notes IET\MS. NET\CSharpDemos26\03Demo_DataTypes\03Demo_DataTypes.csproj", "{E42744F8-EA08-47E9-97B0-EA648A2C2BBB}"
EndProject
Project("{FAE04EC0-301F-11D3-BF4B-00C04F79EFBC}") = "01Demo", "..\..\..\..\PGCP-AC Notes IET\MS. NET\CSharpDemos26\01Demo\01Demo.csproj", "{13BBBCB8-A334-1262-8D5F-EA7530D6E3C4}"
EndProject
Project("{FAE04EC0-301F-11D3-BF4B-00C04F79EFBC}") = "05Demo_OOP", "..\..\..\..\PGCP-AC Notes IET\MS. NET\CSharpDemos26\05Demo_OOP\05Demo_OOP.csproj", "{138DF66B-D631-659B-190F-97270839C6C7}"
EndProject
Project("{FAE04EC0-301F-11D3-BF4B-00C04F79EFBC}") = "06Demo_OOP", "..\..\..\..\PGCP-AC Notes IET\MS. NET\CSharpDemos26\06Demo_OOP\06Demo_OOP.csproj", "{918B3440-7DA0-B98E-D476-4FE1F8972F00}"
EndProject
Project("{FAE04EC0-301F-11D3-BF4B-00C04F79EFBC}") = "08Demo_OOP", "..\..\..\..\PGCP-AC Notes IET\MS. NET\CSharpDemos26\08Demo_OOP\08Demo_OOP.csproj", "{0DB34FEC-7771-61C7-E7B6-B496E8F3EF41}"
EndProject
Project("{FAE04EC0-301F-11D3-BF4B-00C04F79EFBC}") = "09Demo_OOP", "..\..\..\..\PGCP-AC Notes IET\MS. NET\CSharpDemos26\09Demo_OOP\09Demo_OOP.csproj", "{88265DCD-F117-46D4-E589-FC876270F8AA}"
EndProject
Project("{FAE04EC0-301F-11D3-BF4B-00C04F79EFBC}") = "10Demo_OOP", "..\..\..\..\PGCP-AC Notes IET\MS. NET\CSharpDemos26\10Demo_OOP\10Demo_OOP.csproj", "{DAE7CD77-976E-FE78-0CB0-FBFBD6B12134}"
EndProject
Project("{FAE04EC0-301F-11D3-BF4B-00C04F79EFBC}") = "11Demo_OOP", "..\..\..\..\PGCP-AC Notes IET\MS. NET\CSharpDemos26\11Demo_OOP\11Demo_OOP.csproj", "{119BCE7F-170D-621D-63D7-9B3C0403FBA8}"
EndProject
Project("{FAE04EC0-301F-11D3-BF4B-00C04F79EFBC}") = "12Demo_OOP", "..\..\..\..\PGCP-AC Notes IET\MS. NET\CSharpDemos26\12Demo_OOP\12Demo_OOP.csproj", "{C7095198-2BD0-DA12-3A31-733E3DE10394}"
EndProject
Project("{FAE04EC0-301F-11D3-BF4B-00C04F79EFBC}") = "13Demo_OOP", "..\..\..\..\PGCP-AC Notes IET\MS. NET\CSharpDemos26\13Demo_OOP\13Demo_OOP.csproj", "{FD73EDCB-0751-63BA-EE26-70C17E5338B4}"
EndProject
Project("{FAE04EC0-301F-11D3-BF4B-00C04F79EFBC}") = "14Demo_CMathLib", "..\..\..\..\PGCP-AC Notes IET\MS. NET\CSharpDemos26\14Demo_CMathLib\14Demo_CMathLib.csproj", "{41ABBA08-1DDC-4EBB-E91D-8790FE61C5C7}"
EndProject
Project("{FAE04EC0-301F-11D3-BF4B-00C04F79EFBC}") = "15Demo_OOP", "..\..\..\..\PGCP-AC Notes IET\MS. NET\CSharpDemos26\15Demo_OOP\15Demo_OOP.csproj", "{2EC50FD2-F5A5-606D-0FBE-DED3AA7859C3}"
EndProject
Project("{FAE04EC0-301F-11D3-BF4B-00C04F79EFBC}") = "16Demo_Template", "..\..\..\..\PGCP-AC Notes IET\MS. NET\CSharpDemos26\16Demo_Template\16Demo_Template.csproj", "{B8A59194-0B89-A270-A821-075968171910}"
EndProject
Project("{FAE04EC0-301F-11D3-BF4B-00C04F79EFBC}") = "17Demo_FormApplication", "..\..\..\..\PGCP-AC Notes IET\MS. NET\CSharpDemos26\17Demo_FormApplication\17Demo_FormApplication.csproj", "{ED0B7A30-1A00-316C-C654-F0981696BB21}"
EndProject
Project("{FAE04EC0-301F-11D3-BF4B-00C04F79EFBC}") = "18Demo_Delegate", "..\..\..\..\PGCP-AC Notes IET\MS. NET\CSharpDemos26\18Demo_Delegate\18Demo_Delegate.csproj", "{5B605388-C939-4959-EF21-53322EED814D}"
EndProject
Project("{FAE04EC0-301F-11D3-BF4B-00C04F79EFBC}") = "19Demo_Events_Delegate", "..\..\..\..\PGCP-AC Notes IET\MS. NET\CSharpDemos26\19Demo_Events_Delegate\19Demo_Events_Delegate.csproj", "{21A0E309-93B6-8943-50DB-4B6EB6345D91}"
EndProject
Project("{FAE04EC0-301F-11D3-BF4B-00C04F79EFBC}") = "ClassLibraryDemo", "ClassLibraryDemo\ClassLibraryDemo.csproj", "{9685BDB4-C632-45DF-BC1D-46ABA9C3801F}"
EndProject
Project("{FAE04EC0-301F-11D3-BF4B-00C04F79EFBC}") = "ConsoleAppForLibraryDemo", "ConsoleAppForLibraryDemo\ConsoleAppForLibraryDemo.csproj", "{7BCCC69C-76A5-4ECF-A7E4-F6CA349E3894}"
EndProject
Project("{FAE04EC0-301F-11D3-BF4B-00C04F79EFBC}") = "20Demo_ObserverDesignPattern", "..\..\..\..\PGCP-AC Notes IET\MS. NET\CSharpDemos26\20Demo_ObserverDesignPattern\20Demo_ObserverDesignPattern.csproj", "{515D729F-1179-8DAF-E0E9-97BED9F00062}"
EndProject
Project("{FAE04EC0-301F-11D3-BF4B-00C04F79EFBC}") = "21Demo_MulticastDelegate", "..\..\..\..\PGCP-AC Notes IET\MS. NET\CSharpDemos26\21Demo_MulticastDelegate\21Demo_MulticastDelegate.csproj", "{527A739C-68BC-6157-EC46-C87253381731}"
EndProject
Project("{FAE04EC0-301F-11D3-BF4B-00C04F79EFBC}") = "22Demo_Collection", "..\..\..\..\PGCP-AC Notes IET\MS. NET\CSharpDemos26\22Demo_Collection\22Demo_Collection.csproj", "{13298D2B-F1D2-E6ED-7340-149207804D0D}"
EndProject
Project("{FAE04EC0-301F-11D3-BF4B-00C04F79EFBC}") = "23Demo_Generic", "..\..\..\..\PGCP-AC Notes IET\MS. NET\CSharpDemos26\23Demo_Generic\23Demo_Generic.csproj", "{CC69C0FC-E21E-91F7-862C-784BB451A520}"
EndProject
Project("{FAE04EC0-301F-11D3-BF4B-00C04F79EFBC}") = "24Demo_Generic", "..\..\..\..\PGCP-AC Notes IET\MS. NET\CSharpDemos26\24Demo_Generic\24Demo_Generic.csproj", "{86F6DEDC-6250-1275-707C-C7333776B934}"
EndProject
Global
	GlobalSection(SolutionConfigurationPlatforms) = preSolution
		Debug|Any CPU = Debug|Any CPU
		Release|Any CPU = Release|Any CPU
	EndGlobalSection
	GlobalSection(ProjectConfigurationPlatforms) = postSolution
		{B325F35E-F485-494D-A3C4-F2D1C7FA98BB}.Debug|Any CPU.ActiveCfg = Debug|Any CPU
		{B325F35E-F485-494D-A3C4-F2D1C7FA98BB}.Debug|Any CPU.Build.0 = Debug|Any CPU
		{B325F35E-F485-494D-A3C4-F2D1C7FA98BB}.Release|Any CPU.ActiveCfg = Release|Any CPU
		{B325F35E-F485-494D-A3C4-F2D1C7FA98BB}.Release|Any CPU.Build.0 = Release|Any CPU
		{2884A83B-A167-42E2-9321-3FD48D78D1AE}.Debug|Any CPU.ActiveCfg = Debug|Any CPU
		{2884A83B-A167-42E2-9321-3FD48D78D1AE}.Debug|Any CPU.Build.0 = Debug|Any CPU
		{2884A83B-A167-42E2-9321-3FD48D78D1AE}.Release|Any CPU.ActiveCfg = Release|Any CPU
		{2884A83B-A167-42E2-9321-3FD48D78D1AE}.Release|Any CPU.Build.0 = Release|Any CPU
		{295029CF-34CA-45A5-B165-8033CF50B475}.Debug|Any CPU.ActiveCfg = Debug|Any CPU
		{295029CF-34CA-45A5-B165-8033CF50B475}.Debug|Any CPU.Build.0 = Debug|Any CPU
		{295029CF-34CA-45A5-B165-8033CF50B475}.Release|Any CPU.ActiveCfg = Release|Any CPU
		{295029CF-34CA-45A5-B165-8033CF50B475}.Release|Any CPU.Build.0 = Release|Any CPU
		{4A1F57F5-561B-A38B-13DB-06DCC1BACE74}.Debug|Any CPU.ActiveCfg = Debug|Any CPU
		{4A1F57F5-561B-A38B-13DB-06DCC1BACE74}.Debug|Any CPU.Build.0 = Debug|Any CPU
		{4A1F57F5-561B-A38B-13DB-06DCC1BACE74}.Release|Any CPU.ActiveCfg = Release|Any CPU
		{4A1F57F5-561B-A38B-13DB-06DCC1BACE74}.Release|Any CPU.Build.0 = Release|Any CPU
		{10BB2D37-FE44-31FC-9EAD-110E64BCAB6B}.Debug|Any CPU.ActiveCfg = Debug|Any CPU
		{10BB2D37-FE44-31FC-9EAD-110E64BCAB6B}.Debug|Any CPU.Build.0 = Debug|Any CPU
		{10BB2D37-FE44-31FC-9EAD-110E64BCAB6B}.Release|Any CPU.ActiveCfg = Release|Any CPU
		{10BB2D37-FE44-31FC-9EAD-110E64BCAB6B}.Release|Any CPU.Build.0 = Release|Any CPU
		{0551F81C-EBC1-4462-8FEF-B564731BCFE3}.Debug|Any CPU.ActiveCfg = Debug|Any CPU
		{0551F81C-EBC1-4462-8FEF-B564731BCFE3}.Debug|Any CPU.Build.0 = Debug|Any CPU
		{0551F81C-EBC1-4462-8FEF-B564731BCFE3}.Release|Any CPU.ActiveCfg = Release|Any CPU
		{0551F81C-EBC1-4462-8FEF-B564731BCFE3}.Release|Any CPU.Build.0 = Release|Any CPU
		{E42744F8-EA08-47E9-97B0-EA648A2C2BBB}.Debug|Any CPU.ActiveCfg = Debug|Any CPU
		{E42744F8-EA08-47E9-97B0-EA648A2C2BBB}.Debug|Any CPU.Build.0 = Debug|Any CPU
		{E42744F8-EA08-47E9-97B0-EA648A2C2BBB}.Release|Any CPU.ActiveCfg = Release|Any CPU
		{E42744F8-EA08-47E9-97B0-EA648A2C2BBB}.Release|Any CPU.Build.0 = Release|Any CPU
		{13BBBCB8-A334-1262-8D5F-EA7530D6E3C4}.Debug|Any CPU.ActiveCfg = Debug|Any CPU
		{13BBBCB8-A334-1262-8D5F-EA7530D6E3C4}.Debug|Any CPU.Build.0 = Debug|Any CPU
		{13BBBCB8-A334-1262-8D5F-EA7530D6E3C4}.Release|Any CPU.ActiveCfg = Release|Any CPU
		{13BBBCB8-A334-1262-8D5F-EA7530D6E3C4}.Release|Any CPU.Build.0 = Release|Any CPU
		{138DF66B-D631-659B-190F-97270839C6C7}.Debug|Any CPU.ActiveCfg = Debug|Any CPU
		{138DF66B-D631-659B-190F-97270839C6C7}.Debug|Any CPU.Build.0 = Debug|Any CPU
		{138DF66B-D631-659B-190F-97270839C6C7}.Release|Any CPU.ActiveCfg = Release|Any CPU
		{138DF66B-D631-659B-190F-97270839C6C7}.Release|Any CPU.Build.0 = Release|Any CPU
		{918B3440-7DA0-B98E-D476-4FE1F8972F00}.Debug|Any CPU.ActiveCfg = Debug|Any CPU
		{918B3440-7DA0-B98E-D476-4FE1F8972F00}.Debug|Any CPU.Build.0 = Debug|Any CPU
		{918B3440-7DA0-B98E-D476-4FE1F8972F00}.Release|Any CPU.ActiveCfg = Release|Any CPU
		{918B3440-7DA0-B98E-D476-4FE1F8972F00}.Release|Any CPU.Build.0 = Release|Any CPU
		{0DB34FEC-7771-61C7-E7B6-B496E8F3EF41}.Debug|Any CPU.ActiveCfg = Debug|Any CPU
		{0DB34FEC-7771-61C7-E7B6-B496E8F3EF41}.Debug|Any CPU.Build.0 = Debug|Any CPU
		{0DB34FEC-7771-61C7-E7B6-B496E8F3EF41}.Release|Any CPU.ActiveCfg = Release|Any CPU
		{0DB34FEC-7771-61C7-E7B6-B496E8F3EF41}.Release|Any CPU.Build.0 = Release|Any CPU
		{88265DCD-F117-46D4-E589-FC876270F8AA}.Debug|Any CPU.ActiveCfg = Debug|Any CPU
		{88265DCD-F117-46D4-E589-FC876270F8AA}.Debug|Any CPU.Build.0 = Debug|Any CPU
		{88265DCD-F117-46D4-E589-FC876270F8AA}.Release|Any CPU.ActiveCfg = Release|Any CPU
		{88265DCD-F117-46D4-E589-FC876270F8AA}.Release|Any CPU.Build.0 = Release|Any CPU
		{DAE7CD77-976E-FE78-0CB0-FBFBD6B12134}.Debug|Any CPU.ActiveCfg = Debug|Any CPU
		{DAE7CD77-976E-FE78-0CB0-FBFBD6B12134}.Debug|Any CPU.Build.0 = Debug|Any CPU
		{DAE7CD77-976E-FE78-0CB0-FBFBD6B12134}.Release|Any CPU.ActiveCfg = Release|Any CPU
		{DAE7CD77-976E-FE78-0CB0-FBFBD6B12134}.Release|Any CPU.Build.0 = Release|Any CPU
		{119BCE7F-170D-621D-63D7-9B3C0403FBA8}.Debug|Any CPU.ActiveCfg = Debug|Any CPU
		{119BCE7F-170D-621D-63D7-9B3C0403FBA8}.Debug|Any CPU.Build.0 = Debug|Any CPU
		{119BCE7F-170D-621D-63D7-9B3C0403FBA8}.Release|Any CPU.ActiveCfg = Release|Any CPU
		{119BCE7F-170D-621D-63D7-9B3C0403FBA8}.Release|Any CPU.Build.0 = Release|Any CPU
		{C7095198-2BD0-DA12-3A31-733E3DE10394}.Debug|Any CPU.ActiveCfg = Debug|Any CPU
		{C7095198-2BD0-DA12-3A31-733E3DE10394}.Debug|Any CPU.Build.0 = Debug|Any CPU
		{C7095198-2BD0-DA12-3A31-733E3DE10394}.Release|Any CPU.ActiveCfg = Release|Any CPU
		{C7095198-2BD0-DA12-3A31-733E3DE10394}.Release|Any CPU.Build.0 = Release|Any CPU
		{FD73EDCB-0751-63BA-EE26-70C17E5338B4}.Debug|Any CPU.ActiveCfg = Debug|Any CPU
		{FD73EDCB-0751-63BA-EE26-70C17E5338B4}.Debug|Any CPU.Build.0 = Debug|Any CPU
		{FD73EDCB-0751-63BA-EE26-70C17E5338B4}.Release|Any CPU.ActiveCfg = Release|Any CPU
		{FD73EDCB-0751-63BA-EE26-70C17E5338B4}.Release|Any CPU.Build.0 = Release|Any CPU
		{41ABBA08-1DDC-4EBB-E91D-8790FE61C5C7}.Debug|Any CPU.ActiveCfg = Debug|Any CPU
		{41ABBA08-1DDC-4EBB-E91D-8790FE61C5C7}.Debug|Any CPU.Build.0 = Debug|Any CPU
		{41ABBA08-1DDC-4EBB-E91D-8790FE61C5C7}.Release|Any CPU.ActiveCfg = Release|Any CPU
		{41ABBA08-1DDC-4EBB-E91D-8790FE61C5C7}.Release|Any CPU.Build.0 = Release|Any CPU
		{2EC50FD2-F5A5-606D-0FBE-DED3AA7859C3}.Debug|Any CPU.ActiveCfg = Debug|Any CPU
		{2EC50FD2-F5A5-606D-0FBE-DED3AA7859C3}.Debug|Any CPU.Build.0 = Debug|Any CPU
		{2EC50FD2-F5A5-606D-0FBE-DED3AA7859C3}.Release|Any CPU.ActiveCfg = Release|Any CPU
		{2EC50FD2-F5A5-606D-0FBE-DED3AA7859C3}.Release|Any CPU.Build.0 = Release|Any CPU
		{B8A59194-0B89-A270-A821-075968171910}.Debug|Any CPU.ActiveCfg = Debug|Any CPU
		{B8A59194-0B89-A270-A821-075968171910}.Debug|Any CPU.Build.0 = Debug|Any CPU
		{B8A59194-0B89-A270-A821-075968171910}.Release|Any CPU.ActiveCfg = Release|Any CPU
		{B8A59194-0B89-A270-A821-075968171910}.Release|Any CPU.Build.0 = Release|Any CPU
		{ED0B7A30-1A00-316C-C654-F0981696BB21}.Debug|Any CPU.ActiveCfg = Debug|Any CPU
		{ED0B7A30-1A00-316C-C654-F0981696BB21}.Debug|Any CPU.Build.0 = Debug|Any CPU
		{ED0B7A30-1A00-316C-C654-F0981696BB21}.Release|Any CPU.ActiveCfg = Release|Any CPU
		{ED0B7A30-1A00-316C-C654-F0981696BB21}.Release|Any CPU.Build.0 = Release|Any CPU
		{5B605388-C939-4959-EF21-53322EED814D}.Debug|Any CPU.ActiveCfg = Debug|Any CPU
		{5B605388-C939-4959-EF21-53322EED814D}.Debug|Any CPU.Build.0 = Debug|Any CPU
		{5B605388-C939-4959-EF21-53322EED814D}.Release|Any CPU.ActiveCfg = Release|Any CPU
		{5B605388-C939-4959-EF21-53322EED814D}.Release|Any CPU.Build.0 = Release|Any CPU
		{21A0E309-93B6-8943-50DB-4B6EB6345D91}.Debug|Any CPU.ActiveCfg = Debug|Any CPU
		{21A0E309-93B6-8943-50DB-4B6EB6345D91}.Debug|Any CPU.Build.0 = Debug|Any CPU
		{21A0E309-93B6-8943-50DB-4B6EB6345D91}.Release|Any CPU.ActiveCfg = Release|Any CPU
		{21A0E309-93B6-8943-50DB-4B6EB6345D91}.Release|Any CPU.Build.0 = Release|Any CPU
		{9685BDB4-C632-45DF-BC1D-46ABA9C3801F}.Debug|Any CPU.ActiveCfg = Debug|Any CPU
		{9685BDB4-C632-45DF-BC1D-46ABA9C3801F}.Debug|Any CPU.Build.0 = Debug|Any CPU
		{9685BDB4-C632-45DF-BC1D-46ABA9C3801F}.Release|Any CPU.ActiveCfg = Release|Any CPU
		{9685BDB4-C632-45DF-BC1D-46ABA9C3801F}.Release|Any CPU.Build.0 = Release|Any CPU
		{7BCCC69C-76A5-4ECF-A7E4-F6CA349E3894}.Debug|Any CPU.ActiveCfg = Debug|Any CPU
		{7BCCC69C-76A5-4ECF-A7E4-F6CA349E3894}.Debug|Any CPU.Build.0 = Debug|Any CPU
		{7BCCC69C-76A5-4ECF-A7E4-F6CA349E3894}.Release|Any CPU.ActiveCfg = Release|Any CPU
		{7BCCC69C-76A5-4ECF-A7E4-F6CA349E3894}.Release|Any CPU.Build.0 = Release|Any CPU
		{515D729F-1179-8DAF-E0E9-97BED9F00062}.Debug|Any CPU.ActiveCfg = Debug|Any CPU
		{515D729F-1179-8DAF-E0E9-97BED9F00062}.Debug|Any CPU.Build.0 = Debug|Any CPU
		{515D729F-1179-8DAF-E0E9-97BED9F00062}.Release|Any CPU.ActiveCfg = Release|Any CPU
		{515D729F-1179-8DAF-E0E9-97BED9F00062}.Release|Any CPU.Build.0 = Release|Any CPU
		{527A739C-68BC-6157-EC46-C87253381731}.Debug|Any CPU.ActiveCfg = Debug|Any CPU
		{527A739C-68BC-6157-EC46-C87253381731}.Debug|Any CPU.Build.0 = Debug|Any CPU
		{527A739C-68BC-6157-EC46-C87253381731}.Release|Any CPU.ActiveCfg = Release|Any CPU
		{527A739C-68BC-6157-EC46-C87253381731}.Release|Any CPU.Build.0 = Release|Any CPU
		{13298D2B-F1D2-E6ED-7340-149207804D0D}.Debug|Any CPU.ActiveCfg = Debug|Any CPU
		{13298D2B-F1D2-E6ED-7340-149207804D0D}.Debug|Any CPU.Build.0 = Debug|Any CPU
		{13298D2B-F1D2-E6ED-7340-149207804D0D}.Release|Any CPU.ActiveCfg = Release|Any CPU
		{13298D2B-F1D2-E6ED-7340-149207804D0D}.Release|Any CPU.Build.0 = Release|Any CPU
		{CC69C0FC-E21E-91F7-862C-784BB451A520}.Debug|Any CPU.ActiveCfg = Debug|Any CPU
		{CC69C0FC-E21E-91F7-862C-784BB451A520}.Debug|Any CPU.Build.0 = Debug|Any CPU
		{CC69C0FC-E21E-91F7-862C-784BB451A520}.Release|Any CPU.ActiveCfg = Release|Any CPU
		{CC69C0FC-E21E-91F7-862C-784BB451A520}.Release|Any CPU.Build.0 = Release|Any CPU
		{86F6DEDC-6250-1275-707C-C7333776B934}.Debug|Any CPU.ActiveCfg = Debug|Any CPU
		{86F6DEDC-6250-1275-707C-C7333776B934}.Debug|Any CPU.Build.0 = Debug|Any CPU
		{86F6DEDC-6250-1275-707C-C7333776B934}.Release|Any CPU.ActiveCfg = Release|Any CPU
		{86F6DEDC-6250-1275-707C-C7333776B934}.Release|Any CPU.Build.0 = Release|Any CPU
	EndGlobalSection
	GlobalSection(SolutionProperties) = preSolution
		HideSolutionNode = FALSE
	EndGlobalSection
	GlobalSection(ExtensibilityGlobals) = postSolution
		SolutionGuid = {84C1FC2D-FAB6-4B2A-9522-294266759FE5}
	EndGlobalSection
EndGlobal
