
Microsoft Visual Studio Solution File, Format Version 12.00
# Visual Studio Version 17
VisualStudioVersion = 17.14.37328.6
MinimumVisualStudioVersion = 10.0.40219.1
Project("{FAE04EC0-301F-11D3-BF4B-00C04F79EFBC}") = "ProjectOneConsoleApp", "ProjectOneConsoleApp\ProjectOneConsoleApp.csproj", "{B325F35E-F485-494D-A3C4-F2D1C7FA98BB}"
EndProject
Project("{FAE04EC0-301F-11D3-BF4B-00C04F79EFBC}") = "StdDotNetConsoleApp", "StdDotNetConsoleApp\StdDotNetConsoleApp.csproj", "{2884A83B-A167-42E2-9321-3FD48D78D1AE}"
EndProject
Project("{FAE04EC0-301F-11D3-BF4B-00C04F79EFBC}") = "Day2", "Day2\Day2.csproj", "{295029CF-34CA-45A5-B165-8033CF50B475}"
EndProject
Project("{FAE04EC0-301F-11D3-BF4B-00C04F79EFBC}") = "04Demo_OOP", "..\..\..\..\PGCP-AC Notes IET\MS. NET\CSharpDemos26\04Demo_OOP\04Demo_OOP.csproj", "{4A1F57F5-561B-A38B-13DB-06DCC1BACE74}"
EndProject
Project("{FAE04EC0-301F-11D3-BF4B-00C04F79EFBC}") = "07Demo_OOP", "..\..\..\..\PGCP-AC Notes IET\MS. NET\CSharpDemos26\07Demo_OOP\07Demo_OOP.csproj", "{10BB2D37-FE44-31FC-9EAD-110E64BCAB6B}"
EndProject
Project("{FAE04EC0-301F-11D3-BF4B-00C04F79EFBC}") = "02Demo", "..\..\..\..\PGCP-AC Notes IET\MS. NET\CSharpDemos26\02Demo\02Demo.csproj", "{0551F81C-EBC1-4462-8FEF-B564731BCFE3}"
EndProject
Project("{FAE04EC0-301F-11D3-BF4B-00C04F79EFBC}") = "03Demo_DataTypes", "..\..\..\..\PGCP-AC Notes IET\MS. NET\CSharpDemos26\03Demo_DataTypes\03Demo_DataTypes.csproj", "{E42744F8-EA08-47E9-97B0-EA648A2C2BBB}"
EndProject
Project("{FAE04EC0-301F-11D3-BF4B-00C04F79EFBC}") = "01Demo", "..\..\..\..\PGCP-AC Notes IET\MS. NET\CSharpDemos26\01Demo\01Demo.csproj", "{13BBBCB8-A334-1262-8D5F-EA7530D6E3C4}"
EndProject
Project("{FAE04EC0-301F-11D3-BF4B-00C04F79EFBC}") = "05Demo_OOP", "..\..\..\..\PGCP-AC Notes IET\MS. NET\CSharpDemos26\05Demo_OOP\05Demo_OOP.csproj", "{138DF66B-D631-659B-190F-97270839C6C7}"
EndProject
Project("{FAE04EC0-301F-11D3-BF4B-00C04F79EFBC}") = "06Demo_OOP", "..\..\..\..\PGCP-AC Notes IET\MS. NET\CSharpDemos26\06Demo_OOP\06Demo_OOP.csproj", "{918B3440-7DA0-B98E-D476-4FE1F8972F00}"
EndProject
Project("{FAE04EC0-301F-11D3-BF4B-00C04F79EFBC}") = "08Demo_OOP", "..\..\..\..\PGCP-AC Notes IET\MS. NET\CSharpDemos26\08Demo_OOP\08Demo_OOP.csproj", "{0DB34FEC-7771-61C7-E7B6-B496E8F3EF41}"
EndProject
Project("{FAE04EC0-301F-11D3-BF4B-00C04F79EFBC}") = "09Demo_OOP", "..\..\..\..\PGCP-AC Notes IET\MS. NET\CSharpDemos26\09Demo_OOP\09Demo_OOP.csproj", "{88265DCD-F117-46D4-E589-FC876270F8AA}"
EndProject
Project("{FAE04EC0-301F-11D3-BF4B-00C04F79EFBC}") = "10Demo_OOP", "..\..\..\..\PGCP-AC Notes IET\MS. NET\CSharpDemos26\10Demo_OOP\10Demo_OOP.csproj", "{DAE7CD77-976E-FE78-0CB0-FBFBD6B12134}"
EndProject
Project("{FAE04EC0-301F-11D3-BF4B-00C04F79EFBC}") = "11Demo_OOP", "..\..\..\..\PGCP-AC Notes IET\MS. NET\CSharpDemos26\11Demo_OOP\11Demo_OOP.csproj", "{119BCE7F-170D-621D-63D7-9B3C0403FBA8}"
EndProject
Global
	GlobalSection(SolutionConfigurationPlatforms) = preSolution
		Debug|Any CPU = Debug|Any CPU
		Release|Any CPU = Release|Any CPU
	EndGlobalSection
	GlobalSection(ProjectConfigurationPlatforms) = postSolution
		{B325F35E-F485-494D-A3C4-F2D1C7FA98BB}.Debug|Any CPU.ActiveCfg = Debug|Any CPU
		{B325F35E-F485-494D-A3C4-F2D1C7FA98BB}.Debug|Any CPU.Build.0 = Debug|Any CPU
		{B325F35E-F485-494D-A3C4-F2D1C7FA98BB}.Release|Any CPU.ActiveCfg = Release|Any CPU
		{B325F35E-F485-494D-A3C4-F2D1C7FA98BB}.Release|Any CPU.Build.0 = Release|Any CPU
		{2884A83B-A167-42E2-9321-3FD48D78D1AE}.Debug|Any CPU.ActiveCfg = Debug|Any CPU
		{2884A83B-A167-42E2-9321-3FD48D78D1AE}.Debug|Any CPU.Build.0 = Debug|Any CPU
		{2884A83B-A167-42E2-9321-3FD48D78D1AE}.Release|Any CPU.ActiveCfg = Release|Any CPU
		{2884A83B-A167-42E2-9321-3FD48D78D1AE}.Release|Any CPU.Build.0 = Release|Any CPU
		{295029CF-34CA-45A5-B165-8033CF50B475}.Debug|Any CPU.ActiveCfg = Debug|Any CPU
		{295029CF-34CA-45A5-B165-8033CF50B475}.Debug|Any CPU.Build.0 = Debug|Any CPU
		{295029CF-34CA-45A5-B165-8033CF50B475}.Release|Any CPU.ActiveCfg = Release|Any CPU
		{295029CF-34CA-45A5-B165-8033CF50B475}.Release|Any CPU.Build.0 = Release|Any CPU
		{4A1F57F5-561B-A38B-13DB-06DCC1BACE74}.Debug|Any CPU.ActiveCfg = Debug|Any CPU
		{4A1F57F5-561B-A38B-13DB-06DCC1BACE74}.Debug|Any CPU.Build.0 = Debug|Any CPU
		{4A1F57F5-561B-A38B-13DB-06DCC1BACE74}.Release|Any CPU.ActiveCfg = Release|Any CPU
		{4A1F57F5-561B-A38B-13DB-06DCC1BACE74}.Release|Any CPU.Build.0 = Release|Any CPU
		{10BB2D37-FE44-31FC-9EAD-110E64BCAB6B}.Debug|Any CPU.ActiveCfg = Debug|Any CPU
		{10BB2D37-FE44-31FC-9EAD-110E64BCAB6B}.Debug|Any CPU.Build.0 = Debug|Any CPU
		{10BB2D37-FE44-31FC-9EAD-110E64BCAB6B}.Release|Any CPU.ActiveCfg = Release|Any CPU
		{10BB2D37-FE44-31FC-9EAD-110E64BCAB6B}.Release|Any CPU.Build.0 = Release|Any CPU
		{0551F81C-EBC1-4462-8FEF-B564731BCFE3}.Debug|Any CPU.ActiveCfg = Debug|Any CPU
		{0551F81C-EBC1-4462-8FEF-B564731BCFE3}.Debug|Any CPU.Build.0 = Debug|Any CPU
		{0551F81C-EBC1-4462-8FEF-B564731BCFE3}.Release|Any CPU.ActiveCfg = Release|Any CPU
		{0551F81C-EBC1-4462-8FEF-B564731BCFE3}.Release|Any CPU.Build.0 = Release|Any CPU
		{E42744F8-EA08-47E9-97B0-EA648A2C2BBB}.Debug|Any CPU.ActiveCfg = Debug|Any CPU
		{E42744F8-EA08-47E9-97B0-EA648A2C2BBB}.Debug|Any CPU.Build.0 = Debug|Any CPU
		{E42744F8-EA08-47E9-97B0-EA648A2C2BBB}.Release|Any CPU.ActiveCfg = Release|Any CPU
		{E42744F8-EA08-47E9-97B0-EA648A2C2BBB}.Release|Any CPU.Build.0 = Release|Any CPU
		{13BBBCB8-A334-1262-8D5F-EA7530D6E3C4}.Debug|Any CPU.ActiveCfg = Debug|Any CPU
		{13BBBCB8-A334-1262-8D5F-EA7530D6E3C4}.Debug|Any CPU.Build.0 = Debug|Any CPU
		{13BBBCB8-A334-1262-8D5F-EA7530D6E3C4}.Release|Any CPU.ActiveCfg = Release|Any CPU
		{13BBBCB8-A334-1262-8D5F-EA7530D6E3C4}.Release|Any CPU.Build.0 = Release|Any CPU
		{138DF66B-D631-659B-190F-97270839C6C7}.Debug|Any CPU.ActiveCfg = Debug|Any CPU
		{138DF66B-D631-659B-190F-97270839C6C7}.Debug|Any CPU.Build.0 = Debug|Any CPU
		{138DF66B-D631-659B-190F-97270839C6C7}.Release|Any CPU.ActiveCfg = Release|Any CPU
		{138DF66B-D631-659B-190F-97270839C6C7}.Release|Any CPU.Build.0 = Release|Any CPU
		{918B3440-7DA0-B98E-D476-4FE1F8972F00}.Debug|Any CPU.ActiveCfg = Debug|Any CPU
		{918B3440-7DA0-B98E-D476-4FE1F8972F00}.Debug|Any CPU.Build.0 = Debug|Any CPU
		{918B3440-7DA0-B98E-D476-4FE1F8972F00}.Release|Any CPU.ActiveCfg = Release|Any CPU
		{918B3440-7DA0-B98E-D476-4FE1F8972F00}.Release|Any CPU.Build.0 = Release|Any CPU
		{0DB34FEC-7771-61C7-E7B6-B496E8F3EF41}.Debug|Any CPU.ActiveCfg = Debug|Any CPU
		{0DB34FEC-7771-61C7-E7B6-B496E8F3EF41}.Debug|Any CPU.Build.0 = Debug|Any CPU
		{0DB34FEC-7771-61C7-E7B6-B496E8F3EF41}.Release|Any CPU.ActiveCfg = Release|Any CPU
		{0DB34FEC-7771-61C7-E7B6-B496E8F3EF41}.Release|Any CPU.Build.0 = Release|Any CPU
		{88265DCD-F117-46D4-E589-FC876270F8AA}.Debug|Any CPU.ActiveCfg = Debug|Any CPU
		{88265DCD-F117-46D4-E589-FC876270F8AA}.Debug|Any CPU.Build.0 = Debug|Any CPU
		{88265DCD-F117-46D4-E589-FC876270F8AA}.Release|Any CPU.ActiveCfg = Release|Any CPU
		{88265DCD-F117-46D4-E589-FC876270F8AA}.Release|Any CPU.Build.0 = Release|Any CPU
		{DAE7CD77-976E-FE78-0CB0-FBFBD6B12134}.Debug|Any CPU.ActiveCfg = Debug|Any CPU
		{DAE7CD77-976E-FE78-0CB0-FBFBD6B12134}.Debug|Any CPU.Build.0 = Debug|Any CPU
		{DAE7CD77-976E-FE78-0CB0-FBFBD6B12134}.Release|Any CPU.ActiveCfg = Release|Any CPU
		{DAE7CD77-976E-FE78-0CB0-FBFBD6B12134}.Release|Any CPU.Build.0 = Release|Any CPU
		{119BCE7F-170D-621D-63D7-9B3C0403FBA8}.Debug|Any CPU.ActiveCfg = Debug|Any CPU
		{119BCE7F-170D-621D-63D7-9B3C0403FBA8}.Debug|Any CPU.Build.0 = Debug|Any CPU
		{119BCE7F-170D-621D-63D7-9B3C0403FBA8}.Release|Any CPU.ActiveCfg = Release|Any CPU
		{119BCE7F-170D-621D-63D7-9B3C0403FBA8}.Release|Any CPU.Build.0 = Release|Any CPU
	EndGlobalSection
	GlobalSection(SolutionProperties) = preSolution
		HideSolutionNode = FALSE
	EndGlobalSection
	GlobalSection(ExtensibilityGlobals) = postSolution
		SolutionGuid = {84C1FC2D-FAB6-4B2A-9522-294266759FE5}
	EndGlobalSection
EndGlobal
