
Microsoft Visual Studio Solution File, Format Version 12.00
# Visual Studio Version 17
VisualStudioVersion = 17.14.37328.6 d17.14
MinimumVisualStudioVersion = 10.0.40219.1
Project("{FAE04EC0-301F-11D3-BF4B-00C04F79EFBC}") = "FirstProjectStdDotNetConsole", "FirstProjectStdDotNetConsole.csproj", "{C8C8A7AC-C18D-4838-AA2E-9DFB7F039810}"
EndProject
Project("{FAE04EC0-301F-11D3-BF4B-00C04F79EFBC}") = "ForLoopsProj", "..\ForLoopsProj\ForLoopsProj.csproj", "{48701141-A562-4FCA-A298-49621CF67703}"
EndProject
Global
	GlobalSection(SolutionConfigurationPlatforms) = preSolution
		Debug|Any CPU = Debug|Any CPU
		Release|Any CPU = Release|Any CPU
	EndGlobalSection
	GlobalSection(ProjectConfigurationPlatforms) = postSolution
		{C8C8A7AC-C18D-4838-AA2E-9DFB7F039810}.Debug|Any CPU.ActiveCfg = Debug|Any CPU
		{C8C8A7AC-C18D-4838-AA2E-9DFB7F039810}.Debug|Any CPU.Build.0 = Debug|Any CPU
		{C8C8A7AC-C18D-4838-AA2E-9DFB7F039810}.Release|Any CPU.ActiveCfg = Release|Any CPU
		{C8C8A7AC-C18D-4838-AA2E-9DFB7F039810}.Release|Any CPU.Build.0 = Release|Any CPU
		{48701141-A562-4FCA-A298-49621CF67703}.Debug|Any CPU.ActiveCfg = Debug|Any CPU
		{48701141-A562-4FCA-A298-49621CF67703}.Debug|Any CPU.Build.0 = Debug|Any CPU
		{48701141-A562-4FCA-A298-49621CF67703}.Release|Any CPU.ActiveCfg = Release|Any CPU
		{48701141-A562-4FCA-A298-49621CF67703}.Release|Any CPU.Build.0 = Release|Any CPU
	EndGlobalSection
	GlobalSection(SolutionProperties) = preSolution
		HideSolutionNode = FALSE
	EndGlobalSection
	GlobalSection(ExtensibilityGlobals) = postSolution
		SolutionGuid = {8A40C659-F90A-46CB-9B89-B75CC9B55024}
	EndGlobalSection
EndGlobal
